<?xml version="1.0" encoding="utf-8"?>
<Project ToolsVersion="4.0" xmlns="http://schemas.microsoft.com/developer/msbuild/2003">
  <ItemGroup>
    <Filter Include="リソース ファイル">
      <UniqueIdentifier>{67DA6AB6-F800-4c08-8B7A-83BB121AAD01}</UniqueIdentifier>
      <Extensions>rc;ico;cur;bmp;dlg;rc2;rct;bin;rgs;gif;jpg;jpeg;jpe;resx;tiff;tif;png;wav;mfcribbon-ms</Extensions>
    </Filter>
    <Filter Include="01Engine">
      <UniqueIdentifier>{e5fccdcb-f299-4448-bdb6-01fa28039576}</UniqueIdentifier>
    </Filter>
    <Filter Include="01Engine\Collider">
      <UniqueIdentifier>{7f19ecfb-5d70-4d31-a1f7-c9dd14bad324}</UniqueIdentifier>
    </Filter>
    <Filter Include="01Engine\DirectX">
      <UniqueIdentifier>{e56f8c9a-95a5-4ceb-b65f-5b8e572d087b}</UniqueIdentifier>
    </Filter>
    <Filter Include="01Engine\GameObject">
      <UniqueIdentifier>{b450e438-c939-4b05-b319-0e3c0b4a335c}</UniqueIdentifier>
    </Filter>
    <Filter Include="01Engine\ResourceManager">
      <UniqueIdentifier>{bedee914-5063-4c08-95bb-79c861b4969c}</UniqueIdentifier>
    </Filter>
    <Filter Include="02Shader">
      <UniqueIdentifier>{47a6a3f5-8cfd-436b-8d58-beccd108f3f3}</UniqueIdentifier>
      <Extensions>hlsl</Extensions>
    </Filter>
    <Filter Include="01Engine\Json">
      <UniqueIdentifier>{9b7be748-83c7-411f-9acc-264632f26858}</UniqueIdentifier>
    </Filter>
    <Filter Include="01Engine\Gui">
      <UniqueIdentifier>{dd71bb05-2176-458b-94c7-db803e1c8874}</UniqueIdentifier>
    </Filter>
    <Filter Include="01Engine\Gui\ImGui">
      <UniqueIdentifier>{308fa319-e968-43e4-a42d-27bcdbf0c721}</UniqueIdentifier>
    </Filter>
    <Filter Include="Action">
      <UniqueIdentifier>{56b181c6-2a9e-4deb-907e-065055cc9472}</UniqueIdentifier>
    </Filter>
    <Filter Include="Other">
      <UniqueIdentifier>{78dc5a64-25bb-44c2-80d7-e600969dfe57}</UniqueIdentifier>
    </Filter>
    <Filter Include="UI">
      <UniqueIdentifier>{56492477-deab-4633-8a0b-1511a12c6d28}</UniqueIdentifier>
    </Filter>
    <Filter Include="UI\UI">
      <UniqueIdentifier>{66321f4a-d375-4998-9db1-33e90856a40c}</UniqueIdentifier>
    </Filter>
    <Filter Include="Character">
      <UniqueIdentifier>{6b9b0eff-404e-4fe0-9bd3-d5e05bb5e037}</UniqueIdentifier>
    </Filter>
    <Filter Include="AI">
      <UniqueIdentifier>{df51c2cc-3028-4682-ac7b-57c0db1aa6ed}</UniqueIdentifier>
    </Filter>
    <Filter Include="Stage">
      <UniqueIdentifier>{4eb8a7df-f6d4-4c3b-89c9-1420d1761802}</UniqueIdentifier>
    </Filter>
    <Filter Include="State">
      <UniqueIdentifier>{9309f86f-8dbd-49b2-a29b-5e9088508f33}</UniqueIdentifier>
    </Filter>
    <Filter Include="State\Player">
      <UniqueIdentifier>{3bf0fa3a-6c35-4632-8232-28dfc6e986ee}</UniqueIdentifier>
    </Filter>
    <Filter Include="State\Base">
      <UniqueIdentifier>{a4cb25ad-6640-4be3-a367-7126332f6485}</UniqueIdentifier>
    </Filter>
    <Filter Include="Enemy">
      <UniqueIdentifier>{888ef92a-f8aa-4c29-b0ac-e1e0b9ba689f}</UniqueIdentifier>
    </Filter>
    <Filter Include="Player">
      <UniqueIdentifier>{41b3bdd3-76b7-4a9f-b1e6-fef76a352c41}</UniqueIdentifier>
    </Filter>
    <Filter Include="03Scene">
      <UniqueIdentifier>{a0e2a2cb-753a-45e7-8dc4-a4fff9ad6de4}</UniqueIdentifier>
    </Filter>
    <Filter Include="Weapon">
      <UniqueIdentifier>{cafdbb9f-edcd-4bfe-9270-8bdbf52c70cf}</UniqueIdentifier>
    </Filter>
    <Filter Include="01Engine\Effekseer">
      <UniqueIdentifier>{98212cc5-e1a8-4612-b2d6-6f03e83b822e}</UniqueIdentifier>
    </Filter>
    <Filter Include="Screen">
      <UniqueIdentifier>{ed0d7075-0b66-4d30-a329-c69e1b887c10}</UniqueIdentifier>
    </Filter>
    <Filter Include="UI\Gauge">
      <UniqueIdentifier>{2f88abba-1ec1-4f12-9ee1-ed8e91c4d22e}</UniqueIdentifier>
    </Filter>
  </ItemGroup>
  <ItemGroup>
    <ClCompile Include="Engine\BoxCollider.cpp">
      <Filter>01Engine\Collider</Filter>
    </ClCompile>
    <ClCompile Include="Engine\Collider.cpp">
      <Filter>01Engine\Collider</Filter>
    </ClCompile>
    <ClCompile Include="Engine\SphereCollider.cpp">
      <Filter>01Engine\Collider</Filter>
    </ClCompile>
    <ClCompile Include="Engine\Direct3D.cpp">
      <Filter>01Engine\DirectX</Filter>
    </ClCompile>
    <ClCompile Include="Engine\Fbx.cpp">
      <Filter>01Engine\DirectX</Filter>
    </ClCompile>
    <ClCompile Include="Engine\FbxParts.cpp">
      <Filter>01Engine\DirectX</Filter>
    </ClCompile>
    <ClCompile Include="Engine\Input.cpp">
      <Filter>01Engine\DirectX</Filter>
    </ClCompile>
    <ClCompile Include="Engine\Sprite.cpp">
      <Filter>01Engine\DirectX</Filter>
    </ClCompile>
    <ClCompile Include="Engine\Camera.cpp">
      <Filter>01Engine\GameObject</Filter>
    </ClCompile>
    <ClCompile Include="Engine\GameObject.cpp">
      <Filter>01Engine\GameObject</Filter>
    </ClCompile>
    <ClCompile Include="Engine\RootObject.cpp">
      <Filter>01Engine\GameObject</Filter>
    </ClCompile>
    <ClCompile Include="Engine\CsvReader.cpp">
      <Filter>01Engine\ResourceManager</Filter>
    </ClCompile>
    <ClCompile Include="Engine\Image.cpp">
      <Filter>01Engine\ResourceManager</Filter>
    </ClCompile>
    <ClCompile Include="Engine\Model.cpp">
      <Filter>01Engine\ResourceManager</Filter>
    </ClCompile>
    <ClCompile Include="Engine\Main.cpp">
      <Filter>01Engine</Filter>
    </ClCompile>
    <ClCompile Include="Engine\SceneManager.cpp">
      <Filter>01Engine</Filter>
    </ClCompile>
    <ClCompile Include="Engine\Texture.cpp">
      <Filter>01Engine\DirectX</Filter>
    </ClCompile>
    <ClCompile Include="Engine\Transform.cpp">
      <Filter>01Engine\GameObject</Filter>
    </ClCompile>
    <ClCompile Include="Engine\Audio.cpp">
      <Filter>01Engine\ResourceManager</Filter>
    </ClCompile>
    <ClCompile Include="Engine\Text.cpp">
      <Filter>01Engine\ResourceManager</Filter>
    </ClCompile>
    <ClCompile Include="Engine\Debug.cpp">
      <Filter>01Engine\ResourceManager</Filter>
    </ClCompile>
    <ClCompile Include="Engine\BillBoard.cpp">
      <Filter>01Engine\DirectX</Filter>
    </ClCompile>
    <ClCompile Include="Engine\VFX.cpp">
      <Filter>01Engine\ResourceManager</Filter>
    </ClCompile>
    <ClCompile Include="Player\Aim.cpp">
      <Filter>Player</Filter>
    </ClCompile>
    <ClCompile Include="Player\Player.cpp">
      <Filter>Player</Filter>
    </ClCompile>
    <ClCompile Include="Other\InputManager.cpp">
      <Filter>Other</Filter>
    </ClCompile>
    <ClCompile Include="Stage\Stage.cpp">
      <Filter>Stage</Filter>
    </ClCompile>
    <ClCompile Include="Json\jsonReader.cpp">
      <Filter>01Engine\Json</Filter>
    </ClCompile>
    <ClCompile Include="Engine\Light.cpp">
      <Filter>01Engine\GameObject</Filter>
    </ClCompile>
    <ClCompile Include="Engine\imgui\imgui.cpp">
      <Filter>01Engine\Gui\ImGui</Filter>
    </ClCompile>
    <ClCompile Include="Engine\imgui\imgui_draw.cpp">
      <Filter>01Engine\Gui\ImGui</Filter>
    </ClCompile>
    <ClCompile Include="Engine\imgui\imgui_impl_dx11.cpp">
      <Filter>01Engine\Gui\ImGui</Filter>
    </ClCompile>
    <ClCompile Include="Engine\imgui\imgui_impl_win32.cpp">
      <Filter>01Engine\Gui\ImGui</Filter>
    </ClCompile>
    <ClCompile Include="Engine\imgui\imgui_tables.cpp">
      <Filter>01Engine\Gui\ImGui</Filter>
    </ClCompile>
    <ClCompile Include="Engine\imgui\imgui_widgets.cpp">
      <Filter>01Engine\Gui\ImGui</Filter>
    </ClCompile>
    <ClCompile Include="Engine\CapsuleCollider.cpp">
      <Filter>01Engine\Collider</Filter>
    </ClCompile>
    <ClCompile Include="Stage\Cell.cpp">
      <Filter>Stage</Filter>
    </ClCompile>
    <ClCompile Include="Stage\CollisionMap.cpp">
      <Filter>Stage</Filter>
    </ClCompile>
    <ClCompile Include="Stage\Triangle.cpp">
      <Filter>Stage</Filter>
    </ClCompile>
    <ClCompile Include="State\PlayerState.cpp">
      <Filter>State\Player</Filter>
    </ClCompile>
    <ClCompile Include="State\StateManager.cpp">
      <Filter>State\Base</Filter>
    </ClCompile>
    <ClCompile Include="Scene\TestScene.cpp">
      <Filter>03Scene</Filter>
    </ClCompile>
    <ClCompile Include="AI\Node.cpp">
      <Filter>AI</Filter>
    </ClCompile>
    <ClCompile Include="AI\RouteSearch.cpp">
      <Filter>AI</Filter>
    </ClCompile>
    <ClCompile Include="Weapon\Bullet_Normal.cpp">
      <Filter>Weapon</Filter>
    </ClCompile>
    <ClCompile Include="Weapon\Gun.cpp">
      <Filter>Weapon</Filter>
    </ClCompile>
    <ClCompile Include="Engine\SegmentCollider.cpp">
      <Filter>01Engine\Collider</Filter>
    </ClCompile>
    <ClCompile Include="Engine\PolyLine.cpp">
      <Filter>01Engine\GameObject</Filter>
    </ClCompile>
    <ClCompile Include="Character\Character.cpp">
      <Filter>Character</Filter>
    </ClCompile>
    <ClCompile Include="Character\DamageSystem.cpp">
      <Filter>Character</Filter>
    </ClCompile>
    <ClCompile Include="Enemy\EnemyBase.cpp">
      <Filter>Enemy</Filter>
    </ClCompile>
    <ClCompile Include="Enemy\EnemyManager.cpp">
      <Filter>Enemy</Filter>
    </ClCompile>
    <ClCompile Include="UI\ButtonUI.cpp">
      <Filter>UI\UI</Filter>
    </ClCompile>
    <ClCompile Include="UI\UIBase.cpp">
      <Filter>UI\UI</Filter>
    </ClCompile>
    <ClCompile Include="UI\DamageUI.cpp">
      <Filter>UI</Filter>
    </ClCompile>
    <ClCompile Include="Enemy\TestEnemy.cpp">
      <Filter>Enemy</Filter>
    </ClCompile>
    <ClCompile Include="Action\BaseAction.cpp">
      <Filter>Action</Filter>
    </ClCompile>
    <ClCompile Include="Action\MoveAction.cpp">
      <Filter>Action</Filter>
    </ClCompile>
    <ClCompile Include="Action\RotateAction.cpp">
      <Filter>Action</Filter>
    </ClCompile>
    <ClCompile Include="Character\CharacterManager.cpp">
      <Filter>Character</Filter>
    </ClCompile>
    <ClCompile Include="Other\GameManager.cpp">
      <Filter>Other</Filter>
    </ClCompile>
    <ClCompile Include="Stage\StageEditor.cpp">
      <Filter>Stage</Filter>
    </ClCompile>
    <ClCompile Include="Weapon\BulletBase.cpp">
      <Filter>Weapon</Filter>
    </ClCompile>
    <ClCompile Include="Engine\EffekseeLib\EffekseerVFX.cpp">
      <Filter>01Engine\Effekseer</Filter>
    </ClCompile>
    <ClCompile Include="Scene\SelectScene.cpp">
      <Filter>03Scene</Filter>
    </ClCompile>
    <ClCompile Include="Scene\SceneBase.cpp">
      <Filter>03Scene</Filter>
    </ClCompile>
    <ClCompile Include="Screen\PauseScreen.cpp">
      <Filter>Screen</Filter>
    </ClCompile>
    <ClCompile Include="Screen\Screen.cpp">
      <Filter>Screen</Filter>
    </ClCompile>
    <ClCompile Include="Screen\SelectScreen.cpp">
      <Filter>Screen</Filter>
    </ClCompile>
    <ClCompile Include="Screen\PlayScreen.cpp">
      <Filter>Screen</Filter>
    </ClCompile>
    <ClCompile Include="UI\AimCursor.cpp">
      <Filter>UI</Filter>
    </ClCompile>
    <ClCompile Include="Engine\Easing.cpp">
      <Filter>01Engine\ResourceManager</Filter>
    </ClCompile>
    <ClCompile Include="UI\SliderUI.cpp">
      <Filter>UI\UI</Filter>
    </ClCompile>
    <ClCompile Include="Enemy\TestBoss.cpp">
      <Filter>Enemy</Filter>
    </ClCompile>
    <ClCompile Include="UI\BossHealthGauge.cpp">
      <Filter>UI\Gauge</Filter>
    </ClCompile>
    <ClCompile Include="UI\HealthGauge.cpp">
      <Filter>UI\Gauge</Filter>
    </ClCompile>
  </ItemGroup>
  <ItemGroup>
    <ClInclude Include="Engine\BoxCollider.h">
      <Filter>01Engine\Collider</Filter>
    </ClInclude>
    <ClInclude Include="Engine\Collider.h">
      <Filter>01Engine\Collider</Filter>
    </ClInclude>
    <ClInclude Include="Engine\SphereCollider.h">
      <Filter>01Engine\Collider</Filter>
    </ClInclude>
    <ClInclude Include="Engine\Direct3D.h">
      <Filter>01Engine\DirectX</Filter>
    </ClInclude>
    <ClInclude Include="Engine\Fbx.h">
      <Filter>01Engine\DirectX</Filter>
    </ClInclude>
    <ClInclude Include="Engine\FbxParts.h">
      <Filter>01Engine\DirectX</Filter>
    </ClInclude>
    <ClInclude Include="Engine\Input.h">
      <Filter>01Engine\DirectX</Filter>
    </ClInclude>
    <ClInclude Include="Engine\Sprite.h">
      <Filter>01Engine\DirectX</Filter>
    </ClInclude>
    <ClInclude Include="Engine\Camera.h">
      <Filter>01Engine\GameObject</Filter>
    </ClInclude>
    <ClInclude Include="Engine\GameObject.h">
      <Filter>01Engine\GameObject</Filter>
    </ClInclude>
    <ClInclude Include="Engine\RootObject.h">
      <Filter>01Engine\GameObject</Filter>
    </ClInclude>
    <ClInclude Include="Engine\CsvReader.h">
      <Filter>01Engine\ResourceManager</Filter>
    </ClInclude>
    <ClInclude Include="Engine\Image.h">
      <Filter>01Engine\ResourceManager</Filter>
    </ClInclude>
    <ClInclude Include="Engine\Model.h">
      <Filter>01Engine\ResourceManager</Filter>
    </ClInclude>
    <ClInclude Include="Engine\Global.h">
      <Filter>01Engine</Filter>
    </ClInclude>
    <ClInclude Include="Engine\Texture.h">
      <Filter>01Engine\DirectX</Filter>
    </ClInclude>
    <ClInclude Include="Engine\Transform.h">
      <Filter>01Engine\GameObject</Filter>
    </ClInclude>
    <ClInclude Include="Engine\Audio.h">
      <Filter>01Engine\ResourceManager</Filter>
    </ClInclude>
    <ClInclude Include="Engine\Text.h">
      <Filter>01Engine\ResourceManager</Filter>
    </ClInclude>
    <ClInclude Include="Engine\Debug.h">
      <Filter>01Engine\ResourceManager</Filter>
    </ClInclude>
    <ClInclude Include="Engine\BillBoard.h">
      <Filter>01Engine\DirectX</Filter>
    </ClInclude>
    <ClInclude Include="Engine\VFX.h">
      <Filter>01Engine\ResourceManager</Filter>
    </ClInclude>
    <ClInclude Include="Player\Aim.h">
      <Filter>Player</Filter>
    </ClInclude>
    <ClInclude Include="Player\Player.h">
      <Filter>Player</Filter>
    </ClInclude>
    <ClInclude Include="Other\InputManager.h">
      <Filter>Other</Filter>
    </ClInclude>
    <ClInclude Include="Stage\Stage.h">
      <Filter>Stage</Filter>
    </ClInclude>
    <ClInclude Include="Json\json.hpp">
      <Filter>01Engine\Json</Filter>
    </ClInclude>
    <ClInclude Include="Json\JsonReader.h">
      <Filter>01Engine\Json</Filter>
    </ClInclude>
    <ClInclude Include="Engine\Light.h">
      <Filter>01Engine\GameObject</Filter>
    </ClInclude>
    <ClInclude Include="Engine\imgui\imconfig.h">
      <Filter>01Engine\Gui\ImGui</Filter>
    </ClInclude>
    <ClInclude Include="Engine\imgui\imgui.h">
      <Filter>01Engine\Gui\ImGui</Filter>
    </ClInclude>
    <ClInclude Include="Engine\imgui\imgui_impl_dx11.h">
      <Filter>01Engine\Gui\ImGui</Filter>
    </ClInclude>
    <ClInclude Include="Engine\imgui\imgui_impl_win32.h">
      <Filter>01Engine\Gui\ImGui</Filter>
    </ClInclude>
    <ClInclude Include="Engine\imgui\imgui_internal.h">
      <Filter>01Engine\Gui\ImGui</Filter>
    </ClInclude>
    <ClInclude Include="Engine\imgui\imstb_rectpack.h">
      <Filter>01Engine\Gui\ImGui</Filter>
    </ClInclude>
    <ClInclude Include="Engine\imgui\imstb_textedit.h">
      <Filter>01Engine\Gui\ImGui</Filter>
    </ClInclude>
    <ClInclude Include="Engine\imgui\imstb_truetype.h">
      <Filter>01Engine\Gui\ImGui</Filter>
    </ClInclude>
    <ClInclude Include="Engine\CapsuleCollider.h">
      <Filter>01Engine\Collider</Filter>
    </ClInclude>
    <ClInclude Include="Stage\Cell.h">
      <Filter>Stage</Filter>
    </ClInclude>
    <ClInclude Include="Stage\CollisionMap.h">
      <Filter>Stage</Filter>
    </ClInclude>
    <ClInclude Include="Stage\Triangle.h">
      <Filter>Stage</Filter>
    </ClInclude>
    <ClInclude Include="State\PlayerState.h">
      <Filter>State\Player</Filter>
    </ClInclude>
    <ClInclude Include="State\StateBase.h">
      <Filter>State\Base</Filter>
    </ClInclude>
    <ClInclude Include="State\StateManager.h">
      <Filter>State\Base</Filter>
    </ClInclude>
    <ClInclude Include="Scene\TestScene.h">
      <Filter>03Scene</Filter>
    </ClInclude>
    <ClInclude Include="AI\Node.h">
      <Filter>AI</Filter>
    </ClInclude>
    <ClInclude Include="AI\RouteSearch.h">
      <Filter>AI</Filter>
    </ClInclude>
    <ClInclude Include="Weapon\Bullet_Normal.h">
      <Filter>Weapon</Filter>
    </ClInclude>
    <ClInclude Include="Weapon\BulletBase.h">
      <Filter>Weapon</Filter>
    </ClInclude>
    <ClInclude Include="Weapon\Gun.h">
      <Filter>Weapon</Filter>
    </ClInclude>
    <ClInclude Include="Engine\SegmentCollider.h">
      <Filter>01Engine\Collider</Filter>
    </ClInclude>
    <ClInclude Include="Engine\PolyLine.h">
      <Filter>01Engine\GameObject</Filter>
    </ClInclude>
    <ClInclude Include="Character\Character.h">
      <Filter>Character</Filter>
    </ClInclude>
    <ClInclude Include="Character\DamageSystem.h">
      <Filter>Character</Filter>
    </ClInclude>
    <ClInclude Include="Enemy\EnemyBase.h">
      <Filter>Enemy</Filter>
    </ClInclude>
    <ClInclude Include="Enemy\EnemyManager.h">
      <Filter>Enemy</Filter>
    </ClInclude>
    <ClInclude Include="UI\ButtonUI.h">
      <Filter>UI\UI</Filter>
    </ClInclude>
    <ClInclude Include="UI\UIBase.h">
      <Filter>UI\UI</Filter>
    </ClInclude>
    <ClInclude Include="UI\DamageUI.h">
      <Filter>UI</Filter>
    </ClInclude>
    <ClInclude Include="Enemy\TestEnemy.h">
      <Filter>Enemy</Filter>
    </ClInclude>
    <ClInclude Include="Action\BaseAction.h">
      <Filter>Action</Filter>
    </ClInclude>
    <ClInclude Include="Action\MoveAction.h">
      <Filter>Action</Filter>
    </ClInclude>
    <ClInclude Include="Action\RotateAction.h">
      <Filter>Action</Filter>
    </ClInclude>
    <ClInclude Include="Character\CharacterManager.h">
      <Filter>Character</Filter>
    </ClInclude>
    <ClInclude Include="Other\GameManager.h">
      <Filter>Other</Filter>
    </ClInclude>
    <ClInclude Include="Stage\StageEditor.h">
      <Filter>Stage</Filter>
    </ClInclude>
    <ClInclude Include="Engine\EffekseeLib\EffekseerVFX.h">
      <Filter>01Engine\Effekseer</Filter>
    </ClInclude>
    <ClInclude Include="Scene\SelectScene.h">
      <Filter>03Scene</Filter>
    </ClInclude>
    <ClInclude Include="Scene\SceneBase.h">
      <Filter>03Scene</Filter>
    </ClInclude>
    <ClInclude Include="Screen\PauseScreen.h">
      <Filter>Screen</Filter>
    </ClInclude>
    <ClInclude Include="Screen\Screen.h">
      <Filter>Screen</Filter>
    </ClInclude>
    <ClInclude Include="Screen\SelectScreen.h">
      <Filter>Screen</Filter>
    </ClInclude>
    <ClInclude Include="Screen\PlayScreen.h">
      <Filter>Screen</Filter>
    </ClInclude>
    <ClInclude Include="UI\AimCursor.h">
      <Filter>UI</Filter>
    </ClInclude>
    <ClInclude Include="Engine\Easing.h">
      <Filter>01Engine\ResourceManager</Filter>
    </ClInclude>
    <ClInclude Include="UI\SliderUI.h">
      <Filter>UI\UI</Filter>
    </ClInclude>
    <ClInclude Include="Enemy\TestBoss.h">
      <Filter>Enemy</Filter>
    </ClInclude>
    <ClInclude Include="Engine\SceneManager.h">
      <Filter>01Engine</Filter>
    </ClInclude>
    <ClInclude Include="UI\BossHealthGauge.h">
      <Filter>UI\Gauge</Filter>
    </ClInclude>
    <ClInclude Include="UI\HealthGauge.h">
      <Filter>UI\Gauge</Filter>
    </ClInclude>
  </ItemGroup>
  <ItemGroup>
    <FxCompile Include="Assets\Shader\Simple2D.hlsl">
      <Filter>02Shader</Filter>
    </FxCompile>
    <FxCompile Include="Assets\Shader\Simple3D.hlsl">
      <Filter>02Shader</Filter>
    </FxCompile>
    <FxCompile Include="Assets\Shader\Debug3D.hlsl">
      <Filter>02Shader</Filter>
    </FxCompile>
    <FxCompile Include="Assets\Shader\BillBoard.hlsl">
      <Filter>02Shader</Filter>
    </FxCompile>
    <FxCompile Include="Assets\Shader\ShadowMap.hlsl">
      <Filter>02Shader</Filter>
    </FxCompile>
  </ItemGroup>
</Project>